
Microsoft Visual Studio Solution File, Format Version 12.00
# Visual Studio Version 17
VisualStudioVersion = 17.2.32516.85
MinimumVisualStudioVersion = 10.0.40219.1
Project("{FAE04EC0-301F-11D3-BF4B-00C04F79EFBC}") = "OperatorExercise", "OperatorExercise\OperatorExercise.csproj", "{95322C7E-878D-4FB5-A50B-31DD2B763584}"
EndProject
Global
	GlobalSection(SolutionConfigurationPlatforms) = preSolution
		Debug|Any CPU = Debug|Any CPU
		Release|Any CPU = Release|Any CPU
	EndGlobalSection
	GlobalSection(ProjectConfigurationPlatforms) = postSolution
		{95322C7E-878D-4FB5-A50B-31DD2B763584}.Debug|Any CPU.ActiveCfg = Debug|Any CPU
		{95322C7E-878D-4FB5-A50B-31DD2B763584}.Debug|Any CPU.Build.0 = Debug|Any CPU
		{95322C7E-878D-4FB5-A50B-31DD2B763584}.Release|Any CPU.ActiveCfg = Release|Any CPU
		{95322C7E-878D-4FB5-A50B-31DD2B763584}.Release|Any CPU.Build.0 = Release|Any CPU
	EndGlobalSection
	GlobalSection(SolutionProperties) = preSolution
		HideSolutionNode = FALSE
	EndGlobalSection
	GlobalSection(ExtensibilityGlobals) = postSolution
		SolutionGuid = {56D28F8D-C0FC-412A-BB24-1E603BDC684D}
	EndGlobalSection
EndGlobal
